// !$*UTF8*$!
{
	archiveVersion = 1;
	classes = {
	};
	objectVersion = 54;
	objects = {

/* Begin PBXBuildFile section */
		30D4FF872CD7743D00ADBF6A /* CalculatorViewModel.swift in Sources */ = {isa = PBXBuildFile; fileRef = 30D4FF862CD7743D00ADBF6A /* CalculatorViewModel.swift */; };
		30D4FF892CD7744B00ADBF6A /* ScientificCalculatorViewModel.swift in Sources */ = {isa = PBXBuildFile; fileRef = 30D4FF882CD7744B00ADBF6A /* ScientificCalculatorViewModel.swift */; };
		30D4FF8C2CD7745E00ADBF6A /* CalcButton.swift in Sources */ = {isa = PBXBuildFile; fileRef = 30D4FF8B2CD7745E00ADBF6A /* CalcButton.swift */; };
		30D4FF8E2CD7746E00ADBF6A /* ScientificCalcButton.swift in Sources */ = {isa = PBXBuildFile; fileRef = 30D4FF8D2CD7746E00ADBF6A /* ScientificCalcButton.swift */; };
		30D4FF902CD7747D00ADBF6A /* ContentView.swift in Sources */ = {isa = PBXBuildFile; fileRef = 30D4FF8F2CD7747D00ADBF6A /* ContentView.swift */; };
		30D4FF922CD7748C00ADBF6A /* ScientificCalculatorView.swift in Sources */ = {isa = PBXBuildFile; fileRef = 30D4FF912CD7748C00ADBF6A /* ScientificCalculatorView.swift */; };
		30D4FF942CD7749900ADBF6A /* HistoryView.swift in Sources */ = {isa = PBXBuildFile; fileRef = 30D4FF932CD7749900ADBF6A /* HistoryView.swift */; };
		30D4FF992CD77E6000ADBF6A /* CalculatorApp.swift in Sources */ = {isa = PBXBuildFile; fileRef = 30D4FF982CD77E6000ADBF6A /* CalculatorApp.swift */; };
		30D4FF9B2CD77F3900ADBF6A /* GraphView.swift in Sources */ = {isa = PBXBuildFile; fileRef = 30D4FF9A2CD77F3900ADBF6A /* GraphView.swift */; };
		30D4FFA22CD7890700ADBF6A /* ExpressionEvaluator.swift in Sources */ = {isa = PBXBuildFile; fileRef = 30D4FFA12CD7890700ADBF6A /* ExpressionEvaluator.swift */; };
		83EE677E25F2771700FEBACA /* Assets.xcassets in Resources */ = {isa = PBXBuildFile; fileRef = 83EE677D25F2771700FEBACA /* Assets.xcassets */; };
		83EE678125F2771700FEBACA /* Preview Assets.xcassets in Resources */ = {isa = PBXBuildFile; fileRef = 83EE678025F2771700FEBACA /* Preview Assets.xcassets */; };
		D3A9A81C2CD8C408001AD24F /* Expression in Frameworks */ = {isa = PBXBuildFile; productRef = D3A9A81B2CD8C408001AD24F /* Expression */; };
/* End PBXBuildFile section */

/* Begin PBXFileReference section */
		30D4FF862CD7743D00ADBF6A /* CalculatorViewModel.swift */ = {isa = PBXFileReference; lastKnownFileType = sourcecode.swift; path = CalculatorViewModel.swift; sourceTree = "<group>"; };
		30D4FF882CD7744B00ADBF6A /* ScientificCalculatorViewModel.swift */ = {isa = PBXFileReference; lastKnownFileType = sourcecode.swift; path = ScientificCalculatorViewModel.swift; sourceTree = "<group>"; };
		30D4FF8B2CD7745E00ADBF6A /* CalcButton.swift */ = {isa = PBXFileReference; lastKnownFileType = sourcecode.swift; path = CalcButton.swift; sourceTree = "<group>"; };
		30D4FF8D2CD7746E00ADBF6A /* ScientificCalcButton.swift */ = {isa = PBXFileReference; lastKnownFileType = sourcecode.swift; path = ScientificCalcButton.swift; sourceTree = "<group>"; };
		30D4FF8F2CD7747D00ADBF6A /* ContentView.swift */ = {isa = PBXFileReference; lastKnownFileType = sourcecode.swift; path = ContentView.swift; sourceTree = "<group>"; };
		30D4FF912CD7748C00ADBF6A /* ScientificCalculatorView.swift */ = {isa = PBXFileReference; lastKnownFileType = sourcecode.swift; path = ScientificCalculatorView.swift; sourceTree = "<group>"; };
		30D4FF932CD7749900ADBF6A /* HistoryView.swift */ = {isa = PBXFileReference; lastKnownFileType = sourcecode.swift; path = HistoryView.swift; sourceTree = "<group>"; };
		30D4FF982CD77E6000ADBF6A /* CalculatorApp.swift */ = {isa = PBXFileReference; lastKnownFileType = sourcecode.swift; path = CalculatorApp.swift; sourceTree = "<group>"; };
		30D4FF9A2CD77F3900ADBF6A /* GraphView.swift */ = {isa = PBXFileReference; lastKnownFileType = sourcecode.swift; path = GraphView.swift; sourceTree = "<group>"; };
		30D4FFA12CD7890700ADBF6A /* ExpressionEvaluator.swift */ = {isa = PBXFileReference; lastKnownFileType = sourcecode.swift; path = ExpressionEvaluator.swift; sourceTree = "<group>"; };
		83EE677625F2771500FEBACA /* Calculator.app */ = {isa = PBXFileReference; explicitFileType = wrapper.application; includeInIndex = 0; path = Calculator.app; sourceTree = BUILT_PRODUCTS_DIR; };
		83EE677D25F2771700FEBACA /* Assets.xcassets */ = {isa = PBXFileReference; lastKnownFileType = folder.assetcatalog; path = Assets.xcassets; sourceTree = "<group>"; };
		83EE678025F2771700FEBACA /* Preview Assets.xcassets */ = {isa = PBXFileReference; lastKnownFileType = folder.assetcatalog; path = "Preview Assets.xcassets"; sourceTree = "<group>"; };
		83EE678225F2771700FEBACA /* Info.plist */ = {isa = PBXFileReference; lastKnownFileType = text.plist.xml; path = Info.plist; sourceTree = "<group>"; };
/* End PBXFileReference section */

/* Begin PBXFrameworksBuildPhase section */
		83EE677325F2771500FEBACA /* Frameworks */ = {
			isa = PBXFrameworksBuildPhase;
			buildActionMask = 2147483647;
			files = (
				D3A9A81C2CD8C408001AD24F /* Expression in Frameworks */,
			);
			runOnlyForDeploymentPostprocessing = 0;
		};
/* End PBXFrameworksBuildPhase section */

/* Begin PBXGroup section */
		30D4FF802CD773E100ADBF6A /* source */ = {
			isa = PBXGroup;
			children = (
				30D4FF812CD773FA00ADBF6A /* CalculatorApp */,
				30D4FF822CD7740100ADBF6A /* Tests */,
			);
			path = source;
			sourceTree = "<group>";
		};
		30D4FF812CD773FA00ADBF6A /* CalculatorApp */ = {
			isa = PBXGroup;
			children = (
				30D4FF832CD7741800ADBF6A /* ViewModels */,
				30D4FF842CD7742100ADBF6A /* Models */,
				30D4FF852CD7743000ADBF6A /* Views */,
			);
			path = CalculatorApp;
			sourceTree = "<group>";
		};
		30D4FF822CD7740100ADBF6A /* Tests */ = {
			isa = PBXGroup;
			children = (
			);
			path = Tests;
			sourceTree = "<group>";
		};
		30D4FF832CD7741800ADBF6A /* ViewModels */ = {
			isa = PBXGroup;
			children = (
				30D4FF862CD7743D00ADBF6A /* CalculatorViewModel.swift */,
				30D4FF882CD7744B00ADBF6A /* ScientificCalculatorViewModel.swift */,
				30D4FFA12CD7890700ADBF6A /* ExpressionEvaluator.swift */,
			);
			path = ViewModels;
			sourceTree = "<group>";
		};
		30D4FF842CD7742100ADBF6A /* Models */ = {
			isa = PBXGroup;
			children = (
				30D4FF8B2CD7745E00ADBF6A /* CalcButton.swift */,
				30D4FF8D2CD7746E00ADBF6A /* ScientificCalcButton.swift */,
			);
			path = Models;
			sourceTree = "<group>";
		};
		30D4FF852CD7743000ADBF6A /* Views */ = {
			isa = PBXGroup;
			children = (
				30D4FF8F2CD7747D00ADBF6A /* ContentView.swift */,
				30D4FF912CD7748C00ADBF6A /* ScientificCalculatorView.swift */,
				30D4FF932CD7749900ADBF6A /* HistoryView.swift */,
				30D4FF9A2CD77F3900ADBF6A /* GraphView.swift */,
			);
			path = Views;
			sourceTree = "<group>";
		};
		83EE676D25F2771500FEBACA = {
			isa = PBXGroup;
			children = (
				83EE677825F2771500FEBACA /* Calculator */,
				83EE677725F2771500FEBACA /* Products */,
			);
			sourceTree = "<group>";
		};
		83EE677725F2771500FEBACA /* Products */ = {
			isa = PBXGroup;
			children = (
				83EE677625F2771500FEBACA /* Calculator.app */,
			);
			name = Products;
			sourceTree = "<group>";
		};
		83EE677825F2771500FEBACA /* Calculator */ = {
			isa = PBXGroup;
			children = (
				30D4FF982CD77E6000ADBF6A /* CalculatorApp.swift */,
				30D4FF802CD773E100ADBF6A /* source */,
				83EE677D25F2771700FEBACA /* Assets.xcassets */,
				83EE678225F2771700FEBACA /* Info.plist */,
				83EE677F25F2771700FEBACA /* Preview Content */,
			);
			path = Calculator;
			sourceTree = "<group>";
		};
		83EE677F25F2771700FEBACA /* Preview Content */ = {
			isa = PBXGroup;
			children = (
				83EE678025F2771700FEBACA /* Preview Assets.xcassets */,
			);
			path = "Preview Content";
			sourceTree = "<group>";
		};
/* End PBXGroup section */

/* Begin PBXNativeTarget section */
		83EE677525F2771500FEBACA /* Calculator */ = {
			isa = PBXNativeTarget;
			buildConfigurationList = 83EE678525F2771700FEBACA /* Build configuration list for PBXNativeTarget "Calculator" */;
			buildPhases = (
				83EE677225F2771500FEBACA /* Sources */,
				83EE677325F2771500FEBACA /* Frameworks */,
				83EE677425F2771500FEBACA /* Resources */,
			);
			buildRules = (
			);
			dependencies = (
			);
			name = Calculator;
			packageProductDependencies = (
				D3A9A81B2CD8C408001AD24F /* Expression */,
			);
			productName = Calculator;
			productReference = 83EE677625F2771500FEBACA /* Calculator.app */;
			productType = "com.apple.product-type.application";
		};
/* End PBXNativeTarget section */

/* Begin PBXProject section */
		83EE676E25F2771500FEBACA /* Project object */ = {
			isa = PBXProject;
			attributes = {
				BuildIndependentTargetsInParallel = YES;
				LastSwiftUpdateCheck = 1240;
				LastUpgradeCheck = 1610;
				TargetAttributes = {
					83EE677525F2771500FEBACA = {
						CreatedOnToolsVersion = 12.4;
					};
				};
			};
			buildConfigurationList = 83EE677125F2771500FEBACA /* Build configuration list for PBXProject "Calculator" */;
			compatibilityVersion = "Xcode 9.3";
			developmentRegion = en;
			hasScannedForEncodings = 0;
			knownRegions = (
				en,
				Base,
			);
			mainGroup = 83EE676D25F2771500FEBACA;
			packageReferences = (
				D3A9A8192CD8C2EF001AD24F /* XCRemoteSwiftPackageReference "Expression" */,
			);
			productRefGroup = 83EE677725F2771500FEBACA /* Products */;
			projectDirPath = "";
			projectRoot = "";
			targets = (
				83EE677525F2771500FEBACA /* Calculator */,
			);
		};
/* End PBXProject section */

/* Begin PBXResourcesBuildPhase section */
		83EE677425F2771500FEBACA /* Resources */ = {
			isa = PBXResourcesBuildPhase;
			buildActionMask = 2147483647;
			files = (
				83EE678125F2771700FEBACA /* Preview Assets.xcassets in Resources */,
				83EE677E25F2771700FEBACA /* Assets.xcassets in Resources */,
			);
			runOnlyForDeploymentPostprocessing = 0;
		};
/* End PBXResourcesBuildPhase section */

/* Begin PBXSourcesBuildPhase section */
		83EE677225F2771500FEBACA /* Sources */ = {
			isa = PBXSourcesBuildPhase;
			buildActionMask = 2147483647;
			files = (
				30D4FF8C2CD7745E00ADBF6A /* CalcButton.swift in Sources */,
				30D4FFA22CD7890700ADBF6A /* ExpressionEvaluator.swift in Sources */,
				30D4FF892CD7744B00ADBF6A /* ScientificCalculatorViewModel.swift in Sources */,
				30D4FF942CD7749900ADBF6A /* HistoryView.swift in Sources */,
				30D4FF902CD7747D00ADBF6A /* ContentView.swift in Sources */,
				30D4FF9B2CD77F3900ADBF6A /* GraphView.swift in Sources */,
				30D4FF8E2CD7746E00ADBF6A /* ScientificCalcButton.swift in Sources */,
				30D4FF992CD77E6000ADBF6A /* CalculatorApp.swift in Sources */,
				30D4FF872CD7743D00ADBF6A /* CalculatorViewModel.swift in Sources */,
				30D4FF922CD7748C00ADBF6A /* ScientificCalculatorView.swift in Sources */,
			);
			runOnlyForDeploymentPostprocessing = 0;
		};
/* End PBXSourcesBuildPhase section */

/* Begin XCBuildConfiguration section */
		83EE678325F2771700FEBACA /* Debug */ = {
			isa = XCBuildConfiguration;
			buildSettings = {
				ALWAYS_SEARCH_USER_PATHS = NO;
				CLANG_ANALYZER_NONNULL = YES;
				CLANG_ANALYZER_NUMBER_OBJECT_CONVERSION = YES_AGGRESSIVE;
				CLANG_CXX_LANGUAGE_STANDARD = "gnu++14";
				CLANG_CXX_LIBRARY = "libc++";
				CLANG_ENABLE_MODULES = YES;
				CLANG_ENABLE_OBJC_ARC = YES;
				CLANG_ENABLE_OBJC_WEAK = YES;
				CLANG_WARN_BLOCK_CAPTURE_AUTORELEASING = YES;
				CLANG_WARN_BOOL_CONVERSION = YES;
				CLANG_WARN_COMMA = YES;
				CLANG_WARN_CONSTANT_CONVERSION = YES;
				CLANG_WARN_DEPRECATED_OBJC_IMPLEMENTATIONS = YES;
				CLANG_WARN_DIRECT_OBJC_ISA_USAGE = YES_ERROR;
				CLANG_WARN_DOCUMENTATION_COMMENTS = YES;
				CLANG_WARN_EMPTY_BODY = YES;
				CLANG_WARN_ENUM_CONVERSION = YES;
				CLANG_WARN_INFINITE_RECURSION = YES;
				CLANG_WARN_INT_CONVERSION = YES;
				CLANG_WARN_NON_LITERAL_NULL_CONVERSION = YES;
				CLANG_WARN_OBJC_IMPLICIT_RETAIN_SELF = YES;
				CLANG_WARN_OBJC_LITERAL_CONVERSION = YES;
				CLANG_WARN_OBJC_ROOT_CLASS = YES_ERROR;
				CLANG_WARN_QUOTED_INCLUDE_IN_FRAMEWORK_HEADER = YES;
				CLANG_WARN_RANGE_LOOP_ANALYSIS = YES;
				CLANG_WARN_STRICT_PROTOTYPES = YES;
				CLANG_WARN_SUSPICIOUS_MOVE = YES;
				CLANG_WARN_UNGUARDED_AVAILABILITY = YES_AGGRESSIVE;
				CLANG_WARN_UNREACHABLE_CODE = YES;
				CLANG_WARN__DUPLICATE_METHOD_MATCH = YES;
				COPY_PHASE_STRIP = NO;
				DEBUG_INFORMATION_FORMAT = dwarf;
				ENABLE_STRICT_OBJC_MSGSEND = YES;
				ENABLE_TESTABILITY = YES;
				ENABLE_USER_SCRIPT_SANDBOXING = YES;
				GCC_C_LANGUAGE_STANDARD = gnu11;
				GCC_DYNAMIC_NO_PIC = NO;
				GCC_NO_COMMON_BLOCKS = YES;
				GCC_OPTIMIZATION_LEVEL = 0;
				GCC_PREPROCESSOR_DEFINITIONS = (
					"DEBUG=1",
					"$(inherited)",
				);
				GCC_WARN_64_TO_32_BIT_CONVERSION = YES;
				GCC_WARN_ABOUT_RETURN_TYPE = YES_ERROR;
				GCC_WARN_UNDECLARED_SELECTOR = YES;
				GCC_WARN_UNINITIALIZED_AUTOS = YES_AGGRESSIVE;
				GCC_WARN_UNUSED_FUNCTION = YES;
				GCC_WARN_UNUSED_VARIABLE = YES;
				IPHONEOS_DEPLOYMENT_TARGET = 14.4;
				MTL_ENABLE_DEBUG_INFO = INCLUDE_SOURCE;
				MTL_FAST_MATH = YES;
				ONLY_ACTIVE_ARCH = YES;
				SDKROOT = iphoneos;
				SWIFT_ACTIVE_COMPILATION_CONDITIONS = DEBUG;
				SWIFT_OPTIMIZATION_LEVEL = "-Onone";
			};
			name = Debug;
		};
		83EE678425F2771700FEBACA /* Release */ = {
			isa = XCBuildConfiguration;
			buildSettings = {
				ALWAYS_SEARCH_USER_PATHS = NO;
				CLANG_ANALYZER_NONNULL = YES;
				CLANG_ANALYZER_NUMBER_OBJECT_CONVERSION = YES_AGGRESSIVE;
				CLANG_CXX_LANGUAGE_STANDARD = "gnu++14";
				CLANG_CXX_LIBRARY = "libc++";
				CLANG_ENABLE_MODULES = YES;
				CLANG_ENABLE_OBJC_ARC = YES;
				CLANG_ENABLE_OBJC_WEAK = YES;
				CLANG_WARN_BLOCK_CAPTURE_AUTORELEASING = YES;
				CLANG_WARN_BOOL_CONVERSION = YES;
				CLANG_WARN_COMMA = YES;
				CLANG_WARN_CONSTANT_CONVERSION = YES;
				CLANG_WARN_DEPRECATED_OBJC_IMPLEMENTATIONS = YES;
				CLANG_WARN_DIRECT_OBJC_ISA_USAGE = YES_ERROR;
				CLANG_WARN_DOCUMENTATION_COMMENTS = YES;
				CLANG_WARN_EMPTY_BODY = YES;
				CLANG_WARN_ENUM_CONVERSION = YES;
				CLANG_WARN_INFINITE_RECURSION = YES;
				CLANG_WARN_INT_CONVERSION = YES;
				CLANG_WARN_NON_LITERAL_NULL_CONVERSION = YES;
				CLANG_WARN_OBJC_IMPLICIT_RETAIN_SELF = YES;
				CLANG_WARN_OBJC_LITERAL_CONVERSION = YES;
				CLANG_WARN_OBJC_ROOT_CLASS = YES_ERROR;
				CLANG_WARN_QUOTED_INCLUDE_IN_FRAMEWORK_HEADER = YES;
				CLANG_WARN_RANGE_LOOP_ANALYSIS = YES;
				CLANG_WARN_STRICT_PROTOTYPES = YES;
				CLANG_WARN_SUSPICIOUS_MOVE = YES;
				CLANG_WARN_UNGUARDED_AVAILABILITY = YES_AGGRESSIVE;
				CLANG_WARN_UNREACHABLE_CODE = YES;
				CLANG_WARN__DUPLICATE_METHOD_MATCH = YES;
				COPY_PHASE_STRIP = NO;
				DEBUG_INFORMATION_FORMAT = "dwarf-with-dsym";
				ENABLE_NS_ASSERTIONS = NO;
				ENABLE_STRICT_OBJC_MSGSEND = YES;
				ENABLE_USER_SCRIPT_SANDBOXING = YES;
				GCC_C_LANGUAGE_STANDARD = gnu11;
				GCC_NO_COMMON_BLOCKS = YES;
				GCC_WARN_64_TO_32_BIT_CONVERSION = YES;
				GCC_WARN_ABOUT_RETURN_TYPE = YES_ERROR;
				GCC_WARN_UNDECLARED_SELECTOR = YES;
				GCC_WARN_UNINITIALIZED_AUTOS = YES_AGGRESSIVE;
				GCC_WARN_UNUSED_FUNCTION = YES;
				GCC_WARN_UNUSED_VARIABLE = YES;
				IPHONEOS_DEPLOYMENT_TARGET = 14.4;
				MTL_ENABLE_DEBUG_INFO = NO;
				MTL_FAST_MATH = YES;
				SDKROOT = iphoneos;
				SWIFT_COMPILATION_MODE = wholemodule;
				SWIFT_OPTIMIZATION_LEVEL = "-O";
				VALIDATE_PRODUCT = YES;
			};
			name = Release;
		};
		83EE678625F2771700FEBACA /* Debug */ = {
			isa = XCBuildConfiguration;
			buildSettings = {
				ASSETCATALOG_COMPILER_APPICON_NAME = AppIcon;
				ASSETCATALOG_COMPILER_GLOBAL_ACCENT_COLOR_NAME = AccentColor;
				ASSETCATALOG_COMPILER_INCLUDE_ALL_APPICON_ASSETS = NO;
				CODE_SIGN_STYLE = Automatic;
				DEVELOPMENT_ASSET_PATHS = "\"Calculator/Preview Content\"";
				DEVELOPMENT_TEAM = 3798Z36XLV;
				ENABLE_PREVIEWS = YES;
				INFOPLIST_FILE = Calculator/Info.plist;
				INFOPLIST_KEY_CFBundleDisplayName = Calculator;
				INFOPLIST_KEY_LSApplicationCategoryType = "public.app-category.productivity";
				IPHONEOS_DEPLOYMENT_TARGET = 14.0;
				LD_RUNPATH_SEARCH_PATHS = (
					"$(inherited)",
					"@executable_path/Frameworks",
				);
				PRODUCT_BUNDLE_IDENTIFIER = io.iosacademy.Calculator;
				PRODUCT_NAME = "$(TARGET_NAME)";
				SWIFT_VERSION = 5.0;
				TARGETED_DEVICE_FAMILY = "1,2";
			};
			name = Debug;
		};
		83EE678725F2771700FEBACA /* Release */ = {
			isa = XCBuildConfiguration;
			buildSettings = {
				ASSETCATALOG_COMPILER_APPICON_NAME = AppIcon;
				ASSETCATALOG_COMPILER_GLOBAL_ACCENT_COLOR_NAME = AccentColor;
				ASSETCATALOG_COMPILER_INCLUDE_ALL_APPICON_ASSETS = NO;
				CODE_SIGN_STYLE = Automatic;
				DEVELOPMENT_ASSET_PATHS = "\"Calculator/Preview Content\"";
				DEVELOPMENT_TEAM = 3798Z36XLV;
				ENABLE_PREVIEWS = YES;
				INFOPLIST_FILE = Calculator/Info.plist;
				INFOPLIST_KEY_CFBundleDisplayName = Calculator;
				INFOPLIST_KEY_LSApplicationCategoryType = "public.app-category.productivity";
				IPHONEOS_DEPLOYMENT_TARGET = 14.0;
				LD_RUNPATH_SEARCH_PATHS = (
					"$(inherited)",
					"@executable_path/Frameworks",
				);
				PRODUCT_BUNDLE_IDENTIFIER = io.iosacademy.Calculator;
				PRODUCT_NAME = "$(TARGET_NAME)";
				SWIFT_VERSION = 5.0;
				TARGETED_DEVICE_FAMILY = "1,2";
			};
			name = Release;
		};
/* End XCBuildConfiguration section */

/* Begin XCConfigurationList section */
		83EE677125F2771500FEBACA /* Build configuration list for PBXProject "Calculator" */ = {
			isa = XCConfigurationList;
			buildConfigurations = (
				83EE678325F2771700FEBACA /* Debug */,
				83EE678425F2771700FEBACA /* Release */,
			);
			defaultConfigurationIsVisible = 0;
			defaultConfigurationName = Release;
		};
		83EE678525F2771700FEBACA /* Build configuration list for PBXNativeTarget "Calculator" */ = {
			isa = XCConfigurationList;
			buildConfigurations = (
				83EE678625F2771700FEBACA /* Debug */,
				83EE678725F2771700FEBACA /* Release */,
			);
			defaultConfigurationIsVisible = 0;
			defaultConfigurationName = Release;
		};
/* End XCConfigurationList section */

/* Begin XCRemoteSwiftPackageReference section */
		D3A9A8192CD8C2EF001AD24F /* XCRemoteSwiftPackageReference "Expression" */ = {
			isa = XCRemoteSwiftPackageReference;
			repositoryURL = "https://github.com/nicklockwood/Expression.git";
			requirement = {
				kind = upToNextMajorVersion;
				minimumVersion = 0.13.9;
			};
		};
/* End XCRemoteSwiftPackageReference section */

/* Begin XCSwiftPackageProductDependency section */
		D3A9A81B2CD8C408001AD24F /* Expression */ = {
			isa = XCSwiftPackageProductDependency;
			package = D3A9A8192CD8C2EF001AD24F /* XCRemoteSwiftPackageReference "Expression" */;
			productName = Expression;
		};
/* End XCSwiftPackageProductDependency section */
	};
	rootObject = 83EE676E25F2771500FEBACA /* Project object */;
}
